
Microsoft Visual Studio Solution File, Format Version 12.00
# Visual Studio 15
Project("{FAE04EC0-301F-11D3-BF4B-00C04F79EFBC}") = "Unity.2D.Tilemap.Extras.Editor", "Unity.2D.Tilemap.Extras.Editor.csproj", "{97A6FE85-DE64-0415-6A9B-B176CC6E2D0C}"
EndProject
Project("{FAE04EC0-301F-11D3-BF4B-00C04F79EFBC}") = "Assembly-CSharp", "Assembly-CSharp.csproj", "{8EC88AE3-4658-091D-5041-EF86A5A2EBB7}"
EndProject
Project("{FAE04EC0-301F-11D3-BF4B-00C04F79EFBC}") = "Unity.2D.Tilemap.Extras", "Unity.2D.Tilemap.Extras.csproj", "{A6876A55-0CF8-0747-FF83-D011EC98E2E3}"
EndProject
Project("{FAE04EC0-301F-11D3-BF4B-00C04F79EFBC}") = "Unity.2D.Tilemap.Extras.Placeholder.EditorTests", "Unity.2D.Tilemap.Extras.Placeholder.EditorTests.csproj", "{F3345A5C-4012-0797-BC75-8BD1710B2470}"
EndProject
Global
	GlobalSection(SolutionConfigurationPlatforms) = preSolution
		Debug|Any CPU = Debug|Any CPU
		Release|Any CPU = Release|Any CPU
	EndGlobalSection
	GlobalSection(ProjectConfigurationPlatforms) = postSolution
		{97A6FE85-DE64-0415-6A9B-B176CC6E2D0C}.Debug|Any CPU.ActiveCfg = Debug|Any CPU
		{97A6FE85-DE64-0415-6A9B-B176CC6E2D0C}.Debug|Any CPU.Build.0 = Debug|Any CPU
		{97A6FE85-DE64-0415-6A9B-B176CC6E2D0C}.Release|Any CPU.ActiveCfg = Release|Any CPU
		{97A6FE85-DE64-0415-6A9B-B176CC6E2D0C}.Release|Any CPU.Build.0 = Release|Any CPU
		{8EC88AE3-4658-091D-5041-EF86A5A2EBB7}.Debug|Any CPU.ActiveCfg = Debug|Any CPU
		{8EC88AE3-4658-091D-5041-EF86A5A2EBB7}.Debug|Any CPU.Build.0 = Debug|Any CPU
		{8EC88AE3-4658-091D-5041-EF86A5A2EBB7}.Release|Any CPU.ActiveCfg = Release|Any CPU
		{8EC88AE3-4658-091D-5041-EF86A5A2EBB7}.Release|Any CPU.Build.0 = Release|Any CPU
		{A6876A55-0CF8-0747-FF83-D011EC98E2E3}.Debug|Any CPU.ActiveCfg = Debug|Any CPU
		{A6876A55-0CF8-0747-FF83-D011EC98E2E3}.Debug|Any CPU.Build.0 = Debug|Any CPU
		{A6876A55-0CF8-0747-FF83-D011EC98E2E3}.Release|Any CPU.ActiveCfg = Release|Any CPU
		{A6876A55-0CF8-0747-FF83-D011EC98E2E3}.Release|Any CPU.Build.0 = Release|Any CPU
		{F3345A5C-4012-0797-BC75-8BD1710B2470}.Debug|Any CPU.ActiveCfg = Debug|Any CPU
		{F3345A5C-4012-0797-BC75-8BD1710B2470}.Debug|Any CPU.Build.0 = Debug|Any CPU
		{F3345A5C-4012-0797-BC75-8BD1710B2470}.Release|Any CPU.ActiveCfg = Release|Any CPU
		{F3345A5C-4012-0797-BC75-8BD1710B2470}.Release|Any CPU.Build.0 = Release|Any CPU
	EndGlobalSection
	GlobalSection(SolutionProperties) = preSolution
		HideSolutionNode = FALSE
	EndGlobalSection
EndGlobal
